
Microsoft Visual Studio Solution File, Format Version 12.00
# Visual Studio Version 16
VisualStudioVersion = 16.0.30517.126
MinimumVisualStudioVersion = 10.0.40219.1
Project("{FAE04EC0-301F-11D3-BF4B-00C04F79EFBC}") = "Aiche Bois", "Aiche Bois\Aiche Bois.csproj", "{3040D6A8-D361-456B-9DE4-23D309E4BDE5}"
EndProject
Project("{54435603-DBB4-11D2-8724-00A0C9A8B90C}") = "Setup", "Setup\Setup.vdproj", "{FE351FC4-B38C-442C-8E51-1587E8E0B4E9}"
EndProject
Global
	GlobalSection(SolutionConfigurationPlatforms) = preSolution
		Debug|Any CPU = Debug|Any CPU
		Debug|x86 = Debug|x86
		Release|Any CPU = Release|Any CPU
		Release|x86 = Release|x86
	EndGlobalSection
	GlobalSection(ProjectConfigurationPlatforms) = postSolution
		{3040D6A8-D361-456B-9DE4-23D309E4BDE5}.Debug|Any CPU.ActiveCfg = Debug|Any CPU
		{3040D6A8-D361-456B-9DE4-23D309E4BDE5}.Debug|Any CPU.Build.0 = Debug|Any CPU
		{3040D6A8-D361-456B-9DE4-23D309E4BDE5}.Debug|x86.ActiveCfg = Debug|Any CPU
		{3040D6A8-D361-456B-9DE4-23D309E4BDE5}.Debug|x86.Build.0 = Debug|Any CPU
		{3040D6A8-D361-456B-9DE4-23D309E4BDE5}.Release|Any CPU.ActiveCfg = Release|Any CPU
		{3040D6A8-D361-456B-9DE4-23D309E4BDE5}.Release|Any CPU.Build.0 = Release|Any CPU
		{3040D6A8-D361-456B-9DE4-23D309E4BDE5}.Release|x86.ActiveCfg = Release|x86
		{3040D6A8-D361-456B-9DE4-23D309E4BDE5}.Release|x86.Build.0 = Release|x86
		{FE351FC4-B38C-442C-8E51-1587E8E0B4E9}.Debug|Any CPU.ActiveCfg = Debug
		{FE351FC4-B38C-442C-8E51-1587E8E0B4E9}.Debug|x86.ActiveCfg = Debug
		{FE351FC4-B38C-442C-8E51-1587E8E0B4E9}.Release|Any CPU.ActiveCfg = Release
		{FE351FC4-B38C-442C-8E51-1587E8E0B4E9}.Release|x86.ActiveCfg = Release
	EndGlobalSection
	GlobalSection(SolutionProperties) = preSolution
		HideSolutionNode = FALSE
	EndGlobalSection
	GlobalSection(ExtensibilityGlobals) = postSolution
		SolutionGuid = {15A1D9DC-BAB3-47D0-A827-5B34648F1E20}
	EndGlobalSection
EndGlobal
